
Microsoft Visual Studio Solution File, Format Version 12.00
# Visual Studio Version 17
VisualStudioVersion = 17.0.31903.59
MinimumVisualStudioVersion = 10.0.40219.1
Project("{FAE04EC0-301F-11D3-BF4B-00C04F79EFBC}") = "BlobToSqlite", "BlobToSqlite\BlobToSqlite.csproj", "{0F48B422-ADA7-4DC5-8E41-43112C6B4F3C}"
EndProject
Project("{FAE04EC0-301F-11D3-BF4B-00C04F79EFBC}") = "BlobToSqlite.Tests", "BlobToSqlite.Tests\BlobToSqlite.Tests.csproj", "{3E0B1AB9-76C0-4E36-960C-68D86F205C31}"
EndProject
Global
	GlobalSection(SolutionConfigurationPlatforms) = preSolution
		Debug|Any CPU = Debug|Any CPU
		Release|Any CPU = Release|Any CPU
	EndGlobalSection
	GlobalSection(SolutionProperties) = preSolution
		HideSolutionNode = FALSE
	EndGlobalSection
	GlobalSection(ProjectConfigurationPlatforms) = postSolution
		{0F48B422-ADA7-4DC5-8E41-43112C6B4F3C}.Debug|Any CPU.ActiveCfg = Debug|Any CPU
		{0F48B422-ADA7-4DC5-8E41-43112C6B4F3C}.Debug|Any CPU.Build.0 = Debug|Any CPU
		{0F48B422-ADA7-4DC5-8E41-43112C6B4F3C}.Release|Any CPU.ActiveCfg = Release|Any CPU
		{0F48B422-ADA7-4DC5-8E41-43112C6B4F3C}.Release|Any CPU.Build.0 = Release|Any CPU
		{3E0B1AB9-76C0-4E36-960C-68D86F205C31}.Debug|Any CPU.ActiveCfg = Debug|Any CPU
		{3E0B1AB9-76C0-4E36-960C-68D86F205C31}.Debug|Any CPU.Build.0 = Debug|Any CPU
		{3E0B1AB9-76C0-4E36-960C-68D86F205C31}.Release|Any CPU.ActiveCfg = Release|Any CPU
		{3E0B1AB9-76C0-4E36-960C-68D86F205C31}.Release|Any CPU.Build.0 = Release|Any CPU
	EndGlobalSection
EndGlobal
